<?xml version="1.0" encoding="utf-8"?>
<Project ToolsVersion="4.0" xmlns="http://schemas.microsoft.com/developer/msbuild/2003">
  <ItemGroup>
    <Filter Include="component">
      <UniqueIdentifier>{e8cb6a74-596d-42c4-af23-5e26ed8d70ed}</UniqueIdentifier>
    </Filter>
    <Filter Include="system">
      <UniqueIdentifier>{97b4390d-77c4-49a5-9ada-cabb7643d8d9}</UniqueIdentifier>
    </Filter>
    <Filter Include="component\geo">
      <UniqueIdentifier>{98652e03-66c0-4b23-9d55-73e9a6fd8c7e}</UniqueIdentifier>
    </Filter>
    <Filter Include="entity">
      <UniqueIdentifier>{bb4ef3ef-c140-46f7-a49d-9ab079cfa5dd}</UniqueIdentifier>
    </Filter>
    <Filter Include="component\asset">
      <UniqueIdentifier>{a650b4d4-30a4-4312-ab88-8b8f2b4a949e}</UniqueIdentifier>
    </Filter>
    <Filter Include="system\geo">
      <UniqueIdentifier>{ff924acb-cb2b-44d2-a919-48ff3004d7e4}</UniqueIdentifier>
    </Filter>
    <Filter Include="component\color">
      <UniqueIdentifier>{74ccb58a-f50b-454a-bfd8-f0f44ebd5dbe}</UniqueIdentifier>
    </Filter>
    <Filter Include="component\render">
      <UniqueIdentifier>{fe7e2e76-dfac-4db3-8d26-f50f529e1810}</UniqueIdentifier>
    </Filter>
    <Filter Include="component\script">
      <UniqueIdentifier>{aaeb094f-afda-4564-b8ec-d8d75b3bfbbf}</UniqueIdentifier>
    </Filter>
  </ItemGroup>
  <ItemGroup>
    <ClInclude Include="..\..\..\include\entity2\CompImage.h">
      <Filter>component\asset</Filter>
    </ClInclude>
    <ClInclude Include="..\..\..\include\entity2\CompBoundingBox.h">
      <Filter>component\geo</Filter>
    </ClInclude>
    <ClInclude Include="..\..\..\include\entity2\CompTransform.h">
      <Filter>component\geo</Filter>
    </ClInclude>
    <ClInclude Include="..\..\..\include\entity2\SysTransform.h">
      <Filter>system\geo</Filter>
    </ClInclude>
    <ClInclude Include="..\..\..\include\entity2\SysRender.h">
      <Filter>system</Filter>
    </ClInclude>
    <ClInclude Include="..\..\..\include\entity2\CompMask.h">
      <Filter>component\asset</Filter>
    </ClInclude>
    <ClInclude Include="..\..\..\include\entity2\CompMesh.h">
      <Filter>component\asset</Filter>
    </ClInclude>
    <ClInclude Include="..\..\..\include\entity2\CompScale9.h">
      <Filter>component\asset</Filter>
    </ClInclude>
    <ClInclude Include="..\..\..\include\entity2\CompText.h">
      <Filter>component\asset</Filter>
    </ClInclude>
    <ClInclude Include="..\..\..\include\entity2\CompColorCommon.h">
      <Filter>component\color</Filter>
    </ClInclude>
    <ClInclude Include="..\..\..\include\entity2\CompColorMap.h">
      <Filter>component\color</Filter>
    </ClInclude>
    <ClInclude Include="..\..\..\include\entity2\CompScissor.h">
      <Filter>component\render</Filter>
    </ClInclude>
    <ClInclude Include="..\..\..\include\entity2\CompScript.h">
      <Filter>component\script</Filter>
    </ClInclude>
    <ClInclude Include="..\..\..\include\entity2\CompComplex.h">
      <Filter>component\asset</Filter>
    </ClInclude>
    <ClInclude Include="..\..\..\include\entity2\SysBoundingBox.h">
      <Filter>system\geo</Filter>
    </ClInclude>
  </ItemGroup>
  <ItemGroup>
    <ClCompile Include="..\..\..\source\SysTransform.cpp">
      <Filter>system\geo</Filter>
    </ClCompile>
    <ClCompile Include="..\..\..\source\CompBoundingBox.cpp">
      <Filter>component\geo</Filter>
    </ClCompile>
    <ClCompile Include="..\..\..\source\SysRender.cpp">
      <Filter>system</Filter>
    </ClCompile>
    <ClCompile Include="..\..\..\source\CompScale9.cpp">
      <Filter>component\asset</Filter>
    </ClCompile>
    <ClCompile Include="..\..\..\source\SysBoundingBox.cpp">
      <Filter>system\geo</Filter>
    </ClCompile>
  </ItemGroup>
  <ItemGroup>
    <None Include="..\..\..\include\entity2\SysTransform.inl">
      <Filter>system\geo</Filter>
    </None>
  </ItemGroup>
</Project>